
Microsoft Visual Studio Solution File, Format Version 12.00
# Visual Studio Version 17
VisualStudioVersion = 17.10.34928.147
MinimumVisualStudioVersion = 10.0.40219.1
Project("{FAE04EC0-301F-11D3-BF4B-00C04F79EFBC}") = "NZWalks.Api", "NZWalks.Api\NZWalks.Api.csproj", "{5ED325F9-E95F-4834-A075-1B30D7185DA6}"
EndProject
Global
	GlobalSection(SolutionConfigurationPlatforms) = preSolution
		Debug|Any CPU = Debug|Any CPU
		Release|Any CPU = Release|Any CPU
	EndGlobalSection
	GlobalSection(ProjectConfigurationPlatforms) = postSolution
		{5ED325F9-E95F-4834-A075-1B30D7185DA6}.Debug|Any CPU.ActiveCfg = Debug|Any CPU
		{5ED325F9-E95F-4834-A075-1B30D7185DA6}.Debug|Any CPU.Build.0 = Debug|Any CPU
		{5ED325F9-E95F-4834-A075-1B30D7185DA6}.Release|Any CPU.ActiveCfg = Release|Any CPU
		{5ED325F9-E95F-4834-A075-1B30D7185DA6}.Release|Any CPU.Build.0 = Release|Any CPU
	EndGlobalSection
	GlobalSection(SolutionProperties) = preSolution
		HideSolutionNode = FALSE
	EndGlobalSection
	GlobalSection(ExtensibilityGlobals) = postSolution
		SolutionGuid = {A3563C0B-0C2A-475E-8367-BCB148CC8ED9}
	EndGlobalSection
EndGlobal
